// !$*UTF8*$!
{
	archiveVersion = 1;
	classes = {
	};
	objectVersion = 46;
	objects = {

/* Begin PBXBuildFile section */
		307C82FA1C16383C00C9B6A6 /* main.m in Sources */ = {isa = PBXBuildFile; fileRef = 307C82F91C16383C00C9B6A6 /* main.m */; };
		307C82FD1C16383C00C9B6A6 /* AppDelegate.m in Sources */ = {isa = PBXBuildFile; fileRef = 307C82FC1C16383C00C9B6A6 /* AppDelegate.m */; };
		307C83001C16383C00C9B6A6 /* ViewController.m in Sources */ = {isa = PBXBuildFile; fileRef = 307C82FF1C16383C00C9B6A6 /* ViewController.m */; };
		307C83031C16383C00C9B6A6 /* Main.storyboard in Resources */ = {isa = PBXBuildFile; fileRef = 307C83011C16383C00C9B6A6 /* Main.storyboard */; };
		307C83051C16383C00C9B6A6 /* Assets.xcassets in Resources */ = {isa = PBXBuildFile; fileRef = 307C83041C16383C00C9B6A6 /* Assets.xcassets */; };
		307C83081C16383C00C9B6A6 /* LaunchScreen.storyboard in Resources */ = {isa = PBXBuildFile; fileRef = 307C83061C16383C00C9B6A6 /* LaunchScreen.storyboard */; };
/* End PBXBuildFile section */

/* Begin PBXFileReference section */
		307C82F51C16383C00C9B6A6 /* StackOverFlowMobileApp.app */ = {isa = PBXFileReference; explicitFileType = wrapper.application; includeInIndex = 0; path = StackOverFlowMobileApp.app; sourceTree = BUILT_PRODUCTS_DIR; };
		307C82F91C16383C00C9B6A6 /* main.m */ = {isa = PBXFileReference; lastKnownFileType = sourcecode.c.objc; path = main.m; sourceTree = "<group>"; };
		307C82FB1C16383C00C9B6A6 /* AppDelegate.h */ = {isa = PBXFileReference; lastKnownFileType = sourcecode.c.h; path = AppDelegate.h; sourceTree = "<group>"; };
		307C82FC1C16383C00C9B6A6 /* AppDelegate.m */ = {isa = PBXFileReference; lastKnownFileType = sourcecode.c.objc; path = AppDelegate.m; sourceTree = "<group>"; };
		307C82FE1C16383C00C9B6A6 /* ViewController.h */ = {isa = PBXFileReference; lastKnownFileType = sourcecode.c.h; path = ViewController.h; sourceTree = "<group>"; };
		307C82FF1C16383C00C9B6A6 /* ViewController.m */ = {isa = PBXFileReference; lastKnownFileType = sourcecode.c.objc; path = ViewController.m; sourceTree = "<group>"; };
		307C83021C16383C00C9B6A6 /* Base */ = {isa = PBXFileReference; lastKnownFileType = file.storyboard; name = Base; path = Base.lproj/Main.storyboard; sourceTree = "<group>"; };
		307C83041C16383C00C9B6A6 /* Assets.xcassets */ = {isa = PBXFileReference; lastKnownFileType = folder.assetcatalog; path = Assets.xcassets; sourceTree = "<group>"; };
		307C83071C16383C00C9B6A6 /* Base */ = {isa = PBXFileReference; lastKnownFileType = file.storyboard; name = Base; path = Base.lproj/LaunchScreen.storyboard; sourceTree = "<group>"; };
		307C83091C16383C00C9B6A6 /* Info.plist */ = {isa = PBXFileReference; lastKnownFileType = text.plist.xml; path = Info.plist; sourceTree = "<group>"; };
/* End PBXFileReference section */

/* Begin PBXFrameworksBuildPhase section */
		307C82F21C16383C00C9B6A6 /* Frameworks */ = {
			isa = PBXFrameworksBuildPhase;
			buildActionMask = 2147483647;
			files = (
			);
			runOnlyForDeploymentPostprocessing = 0;
		};
/* End PBXFrameworksBuildPhase section */

/* Begin PBXGroup section */
		307C82EC1C16383C00C9B6A6 = {
			isa = PBXGroup;
			children = (
				307C82F71C16383C00C9B6A6 /* StackOverFlowMobileApp */,
				307C82F61C16383C00C9B6A6 /* Products */,
			);
			sourceTree = "<group>";
		};
		307C82F61C16383C00C9B6A6 /* Products */ = {
			isa = PBXGroup;
			children = (
				307C82F51C16383C00C9B6A6 /* StackOverFlowMobileApp.app */,
			);
			name = Products;
			sourceTree = "<group>";
		};
		307C82F71C16383C00C9B6A6 /* StackOverFlowMobileApp */ = {
			isa = PBXGroup;
			children = (
				307C82FB1C16383C00C9B6A6 /* AppDelegate.h */,
				307C82FC1C16383C00C9B6A6 /* AppDelegate.m */,
				307C82FE1C16383C00C9B6A6 /* ViewController.h */,
				307C82FF1C16383C00C9B6A6 /* ViewController.m */,
				307C83011C16383C00C9B6A6 /* Main.storyboard */,
				307C83041C16383C00C9B6A6 /* Assets.xcassets */,
				307C83061C16383C00C9B6A6 /* LaunchScreen.storyboard */,
				307C83091C16383C00C9B6A6 /* Info.plist */,
				307C82F81C16383C00C9B6A6 /* Supporting Files */,
			);
			path = StackOverFlowMobileApp;
			sourceTree = "<group>";
		};
		307C82F81C16383C00C9B6A6 /* Supporting Files */ = {
			isa = PBXGroup;
			children = (
				307C82F91C16383C00C9B6A6 /* main.m */,
			);
			name = "Supporting Files";
			sourceTree = "<group>";
		};
/* End PBXGroup section */

/* Begin PBXNativeTarget section */
		307C82F41C16383C00C9B6A6 /* StackOverFlowMobileApp */ = {
			isa = PBXNativeTarget;
			buildConfigurationList = 307C830C1C16383C00C9B6A6 /* Build configuration list for PBXNativeTarget "StackOverFlowMobileApp" */;
			buildPhases = (
				307C82F11C16383C00C9B6A6 /* Sources */,
				307C82F21C16383C00C9B6A6 /* Frameworks */,
				307C82F31C16383C00C9B6A6 /* Resources */,
			);
			buildRules = (
			);
			dependencies = (
			);
			name = StackOverFlowMobileApp;
			productName = StackOverFlowMobileApp;
			productReference = 307C82F51C16383C00C9B6A6 /* StackOverFlowMobileApp.app */;
			productType = "com.apple.product-type.application";
		};
/* End PBXNativeTarget section */

/* Begin PBXProject section */
		307C82ED1C16383C00C9B6A6 /* Project object */ = {
			isa = PBXProject;
			attributes = {
				LastUpgradeCheck = 0710;
				ORGANIZATIONNAME = "Roman Salazar Lopez";
				TargetAttributes = {
					307C82F41C16383C00C9B6A6 = {
						CreatedOnToolsVersion = 7.1.1;
						DevelopmentTeam = C8LRG9WET8;
					};
				};
			};
			buildConfigurationList = 307C82F01C16383C00C9B6A6 /* Build configuration list for PBXProject "StackOverFlowMobileApp" */;
			compatibilityVersion = "Xcode 3.2";
			developmentRegion = English;
			hasScannedForEncodings = 0;
			knownRegions = (
				en,
				Base,
			);
			mainGroup = 307C82EC1C16383C00C9B6A6;
			productRefGroup = 307C82F61C16383C00C9B6A6 /* Products */;
			projectDirPath = "";
			projectRoot = "";
			targets = (
				307C82F41C16383C00C9B6A6 /* StackOverFlowMobileApp */,
			);
		};
/* End PBXProject section */

/* Begin PBXResourcesBuildPhase section */
		307C82F31C16383C00C9B6A6 /* Resources */ = {
			isa = PBXResourcesBuildPhase;
			buildActionMask = 2147483647;
			files = (
				307C83081C16383C00C9B6A6 /* LaunchScreen.storyboard in Resources */,
				307C83051C16383C00C9B6A6 /* Assets.xcassets in Resources */,
				307C83031C16383C00C9B6A6 /* Main.storyboard in Resources */,
			);
			runOnlyForDeploymentPostprocessing = 0;
		};
/* End PBXResourcesBuildPhase section */

/* Begin PBXSourcesBuildPhase section */
		307C82F11C16383C00C9B6A6 /* Sources */ = {
			isa = PBXSourcesBuildPhase;
			buildActionMask = 2147483647;
			files = (
				307C83001C16383C00C9B6A6 /* ViewController.m in Sources */,
				307C82FD1C16383C00C9B6A6 /* AppDelegate.m in Sources */,
				307C82FA1C16383C00C9B6A6 /* main.m in Sources */,
			);
			runOnlyForDeploymentPostprocessing = 0;
		};
/* End PBXSourcesBuildPhase section */

/* Begin PBXVariantGroup section */
		307C83011C16383C00C9B6A6 /* Main.storyboard */ = {
			isa = PBXVariantGroup;
			children = (
				307C83021C16383C00C9B6A6 /* Base */,
			);
			name = Main.storyboard;
			sourceTree = "<group>";
		};
		307C83061C16383C00C9B6A6 /* LaunchScreen.storyboard */ = {
			isa = PBXVariantGroup;
			children = (
				307C83071C16383C00C9B6A6 /* Base */,
			);
			name = LaunchScreen.storyboard;
			sourceTree = "<group>";
		};
/* End PBXVariantGroup section */

/* Begin XCBuildConfiguration section */
		307C830A1C16383C00C9B6A6 /* Debug */ = {
			isa = XCBuildConfiguration;
			buildSettings = {
				ALWAYS_SEARCH_USER_PATHS = NO;
				CLANG_CXX_LANGUAGE_STANDARD = "gnu++0x";
				CLANG_CXX_LIBRARY = "libc++";
				CLANG_ENABLE_MODULES = YES;
				CLANG_ENABLE_OBJC_ARC = YES;
				CLANG_WARN_BOOL_CONVERSION = YES;
				CLANG_WARN_CONSTANT_CONVERSION = YES;
				CLANG_WARN_DIRECT_OBJC_ISA_USAGE = YES_ERROR;
				CLANG_WARN_EMPTY_BODY = YES;
				CLANG_WARN_ENUM_CONVERSION = YES;
				CLANG_WARN_INT_CONVERSION = YES;
				CLANG_WARN_OBJC_ROOT_CLASS = YES_ERROR;
				CLANG_WARN_UNREACHABLE_CODE = YES;
				CLANG_WARN__DUPLICATE_METHOD_MATCH = YES;
				"CODE_SIGN_IDENTITY[sdk=iphoneos*]" = "iPhone Developer";
				COPY_PHASE_STRIP = NO;
				DEBUG_INFORMATION_FORMAT = dwarf;
				ENABLE_STRICT_OBJC_MSGSEND = YES;
				ENABLE_TESTABILITY = YES;
				GCC_C_LANGUAGE_STANDARD = gnu99;
				GCC_DYNAMIC_NO_PIC = NO;
				GCC_NO_COMMON_BLOCKS = YES;
				GCC_OPTIMIZATION_LEVEL = 0;
				GCC_PREPROCESSOR_DEFINITIONS = (
					"DEBUG=1",
					"$(inherited)",
				);
				GCC_WARN_64_TO_32_BIT_CONVERSION = YES;
				GCC_WARN_ABOUT_RETURN_TYPE = YES_ERROR;
				GCC_WARN_UNDECLARED_SELECTOR = YES;
				GCC_WARN_UNINITIALIZED_AUTOS = YES_AGGRESSIVE;
				GCC_WARN_UNUSED_FUNCTION = YES;
				GCC_WARN_UNUSED_VARIABLE = YES;
				IPHONEOS_DEPLOYMENT_TARGET = 9.1;
				MTL_ENABLE_DEBUG_INFO = YES;
				ONLY_ACTIVE_ARCH = YES;
				SDKROOT = iphoneos;
			};
			name = Debug;
		};
		307C830B1C16383C00C9B6A6 /* Release */ = {
			isa = XCBuildConfiguration;
			buildSettings = {
				ALWAYS_SEARCH_USER_PATHS = NO;
				CLANG_CXX_LANGUAGE_STANDARD = "gnu++0x";
				CLANG_CXX_LIBRARY = "libc++";
				CLANG_ENABLE_MODULES = YES;
				CLANG_ENABLE_OBJC_ARC = YES;
				CLANG_WARN_BOOL_CONVERSION = YES;
				CLANG_WARN_CONSTANT_CONVERSION = YES;
				CLANG_WARN_DIRECT_OBJC_ISA_USAGE = YES_ERROR;
				CLANG_WARN_EMPTY_BODY = YES;
				CLANG_WARN_ENUM_CONVERSION = YES;
				CLANG_WARN_INT_CONVERSION = YES;
				CLANG_WARN_OBJC_ROOT_CLASS = YES_ERROR;
				CLANG_WARN_UNREACHABLE_CODE = YES;
				CLANG_WARN__DUPLICATE_METHOD_MATCH = YES;
				"CODE_SIGN_IDENTITY[sdk=iphoneos*]" = "iPhone Developer";
				COPY_PHASE_STRIP = NO;
				DEBUG_INFORMATION_FORMAT = "dwarf-with-dsym";
				ENABLE_NS_ASSERTIONS = NO;
				ENABLE_STRICT_OBJC_MSGSEND = YES;
				GCC_C_LANGUAGE_STANDARD = gnu99;
				GCC_NO_COMMON_BLOCKS = YES;
				GCC_WARN_64_TO_32_BIT_CONVERSION = YES;
				GCC_WARN_ABOUT_RETURN_TYPE = YES_ERROR;
				GCC_WARN_UNDECLARED_SELECTOR = YES;
				GCC_WARN_UNINITIALIZED_AUTOS = YES_AGGRESSIVE;
				GCC_WARN_UNUSED_FUNCTION = YES;
				GCC_WARN_UNUSED_VARIABLE = YES;
				IPHONEOS_DEPLOYMENT_TARGET = 9.1;
				MTL_ENABLE_DEBUG_INFO = NO;
				SDKROOT = iphoneos;
				VALIDATE_PRODUCT = YES;
			};
			name = Release;
		};
		307C830D1C16383C00C9B6A6 /* Debug */ = {
			isa = XCBuildConfiguration;
			buildSettings = {
				ASSETCATALOG_COMPILER_APPICON_NAME = AppIcon;
				INFOPLIST_FILE = StackOverFlowMobileApp/Info.plist;
				LD_RUNPATH_SEARCH_PATHS = "$(inherited) @executable_path/Frameworks";
				PRODUCT_BUNDLE_IDENTIFIER = com.romansalazar.StackOverFlowMobileApp;
				PRODUCT_NAME = "$(TARGET_NAME)";
			};
			name = Debug;
		};
		307C830E1C16383C00C9B6A6 /* Release */ = {
			isa = XCBuildConfiguration;
			buildSettings = {
				ASSETCATALOG_COMPILER_APPICON_NAME = AppIcon;
				INFOPLIST_FILE = StackOverFlowMobileApp/Info.plist;
				LD_RUNPATH_SEARCH_PATHS = "$(inherited) @executable_path/Frameworks";
				PRODUCT_BUNDLE_IDENTIFIER = com.romansalazar.StackOverFlowMobileApp;
				PRODUCT_NAME = "$(TARGET_NAME)";
			};
			name = Release;
		};
/* End XCBuildConfiguration section */

/* Begin XCConfigurationList section */
		307C82F01C16383C00C9B6A6 /* Build configuration list for PBXProject "StackOverFlowMobileApp" */ = {
			isa = XCConfigurationList;
			buildConfigurations = (
				307C830A1C16383C00C9B6A6 /* Debug */,
				307C830B1C16383C00C9B6A6 /* Release */,
			);
			defaultConfigurationIsVisible = 0;
			defaultConfigurationName = Release;
		};
		307C830C1C16383C00C9B6A6 /* Build configuration list for PBXNativeTarget "StackOverFlowMobileApp" */ = {
			isa = XCConfigurationList;
			buildConfigurations = (
				307C830D1C16383C00C9B6A6 /* Debug */,
				307C830E1C16383C00C9B6A6 /* Release */,
			);
			defaultConfigurationIsVisible = 0;
		};
/* End XCConfigurationList section */
	};
	rootObject = 307C82ED1C16383C00C9B6A6 /* Project object */;
}
